# This file is autogenerated, do not edit; changes may be undone by the next 'dep ensure'.


[[projects]]
  name = "github.com/bullettrain-sh/bullettrain-go-git"
  packages = ["."]
  revision = "819eda767725998fe4861ef611db74ce87addb81"
  version = "v0.5"

[[projects]]
  name = "github.com/bullettrain-sh/bullettrain-go-golang"
  packages = ["."]
  revision = "cd980290535e3eb9f000358aa16c063b1a226a68"
  version = "v0.5"

[[projects]]
  name = "github.com/bullettrain-sh/bullettrain-go-nodejs"
  packages = ["."]
  revision = "710f02a54cfe9d0ebf180da7376898c0a0c3b7a7"
  version = "v0.5"

[[projects]]
  name = "github.com/bullettrain-sh/bullettrain-go-php"
  packages = ["."]
  revision = "4d0ff46ad2e5a515bc192a844231d45f45101701"
  version = "v0.5"

[[projects]]
  name = "github.com/bullettrain-sh/bullettrain-go-python"
  packages = ["."]
  revision = "93cb479a1a378c8fb0a34ba920e27074cf85d267"
  version = "v0.5"

[[projects]]
  name = "github.com/bullettrain-sh/bullettrain-go-ruby"
  packages = ["."]
  revision = "3738afc8213782a166ae0ba5a8bc9e266f621042"
  version = "v0.5"

[[projects]]
  name = "github.com/mattn/go-colorable"
  packages = ["."]
  revision = "167de6bfdfba052fa6b2d3664c8f5272e23c9072"
  version = "v0.0.9"

[[projects]]
  name = "github.com/mattn/go-isatty"
  packages = ["."]
  revision = "fc9e8d8ef48496124e79ae0df75490096eccf6fe"
  version = "v0.0.2"

[[projects]]
  name = "github.com/mgutz/ansi"
  packages = ["."]
  revision = "9520e82c474b0a04dd04f8a40959027271bab992"

[[projects]]
  branch = "master"
  name = "golang.org/x/sys"
  packages = ["unix"]
  revision = "43e60d72a8e2bd92ee98319ba9a384a0e9837c08"

[solve-meta]
  analyzer-name = "dep"
  analyzer-version = 1
  inputs-digest = "e2f7afdff05ffce6bffac6ee11069bebaf9be568e19e8d8baaca3da083b476ae"
  solver-name = "gps-cdcl"
  solver-version = 1
