# This file is autogenerated, do not edit; changes may be undone by the next 'dep ensure'.


[[projects]]
  name = "github.com/bullettrain-sh/bullettrain-go-git"
  packages = ["."]
  revision = "80320561f221764bd50cf8d86a42417868916e29"
  version = "v0.7"

[[projects]]
  name = "github.com/bullettrain-sh/bullettrain-go-golang"
  packages = ["."]
  revision = "b9a4b1d112bcc6ee6663fb4f5dd22c7b0d596533"
  version = "v0.7"

[[projects]]
  name = "github.com/bullettrain-sh/bullettrain-go-nodejs"
  packages = ["."]
  revision = "86d0bfdaa5d245c5b344da8278940995e2dc449d"
  version = "v0.7"

[[projects]]
  name = "github.com/bullettrain-sh/bullettrain-go-php"
  packages = ["."]
  revision = "bc786849e81010c39a643a8c25d28c00fa3a36bc"
  version = "v0.7"

[[projects]]
  name = "github.com/bullettrain-sh/bullettrain-go-python"
  packages = ["."]
  revision = "13d79e73e5fa796f75265316016ad67764c889c3"
  version = "v0.7"

[[projects]]
  name = "github.com/bullettrain-sh/bullettrain-go-ruby"
  packages = ["."]
  revision = "c7388d51c74e2bba8335d798b5dfb64dd9d145d5"
  version = "v0.7"

[solve-meta]
  analyzer-name = "dep"
  analyzer-version = 1
  inputs-digest = "0d19f348422bb9a72b695daa8b5324390183f70ce3d8d95bc46b6d29c5ce083a"
  solver-name = "gps-cdcl"
  solver-version = 1
