# This file is autogenerated, do not edit; changes may be undone by the next 'dep ensure'.


[[projects]]
  name = "github.com/bullettrain-sh/bullettrain-go-git"
  packages = ["."]
  revision = "d5f35b39e897b1f66fac4134aec9c3ce793f13d6"
  version = "v1.0.0"

[[projects]]
  name = "github.com/bullettrain-sh/bullettrain-go-golang"
  packages = ["."]
  revision = "e72db4d906785e070e061f5315b57fac44b4bcc9"
  version = "v1.0.0"

[[projects]]
  name = "github.com/bullettrain-sh/bullettrain-go-nodejs"
  packages = ["."]
  revision = "f083703512eca241c6eaf04adbbbe3e7c4a33e93"
  version = "v1.0.0"

[[projects]]
  branch = "master"
  name = "github.com/bullettrain-sh/bullettrain-go-openvpn"
  packages = ["."]
  revision = "cf27b236c16eb30934bda8b31e57a3db3619ce3f"

[[projects]]
  name = "github.com/bullettrain-sh/bullettrain-go-php"
  packages = ["."]
  revision = "05371c5076de5e2a09d050420ef81f93cd2725ba"
  version = "v1.0.0"

[[projects]]
  name = "github.com/bullettrain-sh/bullettrain-go-python"
  packages = ["."]
  revision = "ed4846f9162682b6accd463826fe70fe877f7088"
  version = "v1.0.0"

[[projects]]
  name = "github.com/bullettrain-sh/bullettrain-go-ruby"
  packages = ["."]
  revision = "ddafbf46446b4e2101ac3f3c715c989f636ccc6f"
  version = "v1.0.0"

[solve-meta]
  analyzer-name = "dep"
  analyzer-version = 1
  inputs-digest = "cc39eb11ec77e58eabea5e279a0af683548ca5a4a0fb84020e7d2cf3b647b158"
  solver-name = "gps-cdcl"
  solver-version = 1
